
Microsoft Visual Studio Solution File, Format Version 12.00
# Visual Studio Version 17
VisualStudioVersion = 17.5.33530.505
MinimumVisualStudioVersion = 10.0.40219.1
Project("{9A19103F-16F7-4668-BE54-9A1E7A4F7556}") = "Week2", "Week2.csproj", "{C8300ECF-E11B-452F-8921-DE3E6AA573F8}"
EndProject
Global
	GlobalSection(SolutionConfigurationPlatforms) = preSolution
		Debug|Any CPU = Debug|Any CPU
		Release|Any CPU = Release|Any CPU
	EndGlobalSection
	GlobalSection(ProjectConfigurationPlatforms) = postSolution
		{C8300ECF-E11B-452F-8921-DE3E6AA573F8}.Debug|Any CPU.ActiveCfg = Debug|Any CPU
		{C8300ECF-E11B-452F-8921-DE3E6AA573F8}.Debug|Any CPU.Build.0 = Debug|Any CPU
		{C8300ECF-E11B-452F-8921-DE3E6AA573F8}.Release|Any CPU.ActiveCfg = Release|Any CPU
		{C8300ECF-E11B-452F-8921-DE3E6AA573F8}.Release|Any CPU.Build.0 = Release|Any CPU
	EndGlobalSection
	GlobalSection(SolutionProperties) = preSolution
		HideSolutionNode = FALSE
	EndGlobalSection
	GlobalSection(ExtensibilityGlobals) = postSolution
		SolutionGuid = {E3B998AD-532B-4DC5-96F1-1DB40DD12CF5}
	EndGlobalSection
EndGlobal
